// !$*UTF8*$!
{
	archiveVersion = 1;
	classes = {
	};
	objectVersion = 48;
	objects = {

/* Begin PBXBuildFile section */
		0D372A1B1F7E2B3B00F8D90D /* Message.c in Sources */ = {isa = PBXBuildFile; fileRef = 0D372A191F7E2B3B00F8D90D /* Message.c */; };
		0D372A1C1F7E303800F8D90D /* Message.c in Sources */ = {isa = PBXBuildFile; fileRef = 0D372A191F7E2B3B00F8D90D /* Message.c */; };
		0D372A3B1F8267D700F8D90D /* AppDelegate.m in Sources */ = {isa = PBXBuildFile; fileRef = 0D372A3A1F8267D700F8D90D /* AppDelegate.m */; };
		0D372A401F8267D700F8D90D /* Assets.xcassets in Resources */ = {isa = PBXBuildFile; fileRef = 0D372A3F1F8267D700F8D90D /* Assets.xcassets */; };
		0D372A431F8267D700F8D90D /* Main.storyboard in Resources */ = {isa = PBXBuildFile; fileRef = 0D372A411F8267D700F8D90D /* Main.storyboard */; };
		0D372A461F8267D700F8D90D /* main.m in Sources */ = {isa = PBXBuildFile; fileRef = 0D372A451F8267D700F8D90D /* main.m */; };
		0D372A4B1F8267EC00F8D90D /* TimeMachineDaemon.app in Copy Daemon */ = {isa = PBXBuildFile; fileRef = 0D372A371F8267D700F8D90D /* TimeMachineDaemon.app */; settings = {ATTRIBUTES = (RemoveHeadersOnCopy, ); }; };
		0D372A4C1F8279BD00F8D90D /* Message.c in Sources */ = {isa = PBXBuildFile; fileRef = 0D372A191F7E2B3B00F8D90D /* Message.c */; };
		D84F79811F7D47FB004C30D0 /* AppDelegate.m in Sources */ = {isa = PBXBuildFile; fileRef = D84F79801F7D47FB004C30D0 /* AppDelegate.m */; };
		D84F79841F7D47FB004C30D0 /* ViewController.m in Sources */ = {isa = PBXBuildFile; fileRef = D84F79831F7D47FB004C30D0 /* ViewController.m */; };
		D84F79861F7D47FB004C30D0 /* Assets.xcassets in Resources */ = {isa = PBXBuildFile; fileRef = D84F79851F7D47FB004C30D0 /* Assets.xcassets */; };
		D84F79891F7D47FB004C30D0 /* Main.storyboard in Resources */ = {isa = PBXBuildFile; fileRef = D84F79871F7D47FB004C30D0 /* Main.storyboard */; };
		D84F798C1F7D47FB004C30D0 /* main.m in Sources */ = {isa = PBXBuildFile; fileRef = D84F798B1F7D47FB004C30D0 /* main.m */; };
		D84F799A1F7D484C004C30D0 /* main.m in Sources */ = {isa = PBXBuildFile; fileRef = D84F79991F7D484C004C30D0 /* main.m */; };
		D84F79A41F7D4CFE004C30D0 /* Security.framework in Frameworks */ = {isa = PBXBuildFile; fileRef = D84F79A31F7D4CFE004C30D0 /* Security.framework */; };
		D84F79A61F7D4D04004C30D0 /* ServiceManagement.framework in Frameworks */ = {isa = PBXBuildFile; fileRef = D84F79A51F7D4D04004C30D0 /* ServiceManagement.framework */; };
		D84F79A81F7D4D0C004C30D0 /* Cocoa.framework in Frameworks */ = {isa = PBXBuildFile; fileRef = D84F79A71F7D4D0C004C30D0 /* Cocoa.framework */; };
		D84F79AB1F7D5699004C30D0 /* com.volodyko.TimeMachineSchedulerHelper in Copy Files */ = {isa = PBXBuildFile; fileRef = D84F79971F7D484C004C30D0 /* com.volodyko.TimeMachineSchedulerHelper */; };
/* End PBXBuildFile section */

/* Begin PBXContainerItemProxy section */
		D84F799E1F7D4866004C30D0 /* PBXContainerItemProxy */ = {
			isa = PBXContainerItemProxy;
			containerPortal = D84F79741F7D47FA004C30D0 /* Project object */;
			proxyType = 1;
			remoteGlobalIDString = D84F79961F7D484C004C30D0;
			remoteInfo = TimeMachineHelper;
		};
/* End PBXContainerItemProxy section */

/* Begin PBXCopyFilesBuildPhase section */
		0D372A2E1F82516E00F8D90D /* Copy Daemon */ = {
			isa = PBXCopyFilesBuildPhase;
			buildActionMask = 2147483647;
			dstPath = Contents/Library/LoginItems;
			dstSubfolderSpec = 1;
			files = (
				0D372A4B1F8267EC00F8D90D /* TimeMachineDaemon.app in Copy Daemon */,
			);
			name = "Copy Daemon";
			runOnlyForDeploymentPostprocessing = 0;
		};
		D84F79951F7D484C004C30D0 /* CopyFiles */ = {
			isa = PBXCopyFilesBuildPhase;
			buildActionMask = 2147483647;
			dstPath = /usr/share/man/man1/;
			dstSubfolderSpec = 0;
			files = (
			);
			runOnlyForDeploymentPostprocessing = 1;
		};
		D84F79A91F7D4D19004C30D0 /* Copy Files */ = {
			isa = PBXCopyFilesBuildPhase;
			buildActionMask = 2147483647;
			dstPath = Contents/Library/LaunchServices;
			dstSubfolderSpec = 1;
			files = (
				D84F79AB1F7D5699004C30D0 /* com.volodyko.TimeMachineSchedulerHelper in Copy Files */,
			);
			name = "Copy Files";
			runOnlyForDeploymentPostprocessing = 0;
		};
/* End PBXCopyFilesBuildPhase section */

/* Begin PBXFileReference section */
		0D372A191F7E2B3B00F8D90D /* Message.c */ = {isa = PBXFileReference; lastKnownFileType = sourcecode.c.c; path = Message.c; sourceTree = "<group>"; };
		0D372A1A1F7E2B3B00F8D90D /* Message.h */ = {isa = PBXFileReference; lastKnownFileType = sourcecode.c.h; path = Message.h; sourceTree = "<group>"; };
		0D372A371F8267D700F8D90D /* TimeMachineDaemon.app */ = {isa = PBXFileReference; explicitFileType = wrapper.application; includeInIndex = 0; path = TimeMachineDaemon.app; sourceTree = BUILT_PRODUCTS_DIR; };
		0D372A391F8267D700F8D90D /* AppDelegate.h */ = {isa = PBXFileReference; lastKnownFileType = sourcecode.c.h; path = AppDelegate.h; sourceTree = "<group>"; };
		0D372A3A1F8267D700F8D90D /* AppDelegate.m */ = {isa = PBXFileReference; lastKnownFileType = sourcecode.c.objc; path = AppDelegate.m; sourceTree = "<group>"; };
		0D372A3F1F8267D700F8D90D /* Assets.xcassets */ = {isa = PBXFileReference; lastKnownFileType = folder.assetcatalog; path = Assets.xcassets; sourceTree = "<group>"; };
		0D372A421F8267D700F8D90D /* Base */ = {isa = PBXFileReference; lastKnownFileType = file.storyboard; name = Base; path = Base.lproj/Main.storyboard; sourceTree = "<group>"; };
		0D372A441F8267D700F8D90D /* Info.plist */ = {isa = PBXFileReference; lastKnownFileType = text.plist.xml; path = Info.plist; sourceTree = "<group>"; };
		0D372A451F8267D700F8D90D /* main.m */ = {isa = PBXFileReference; lastKnownFileType = sourcecode.c.objc; path = main.m; sourceTree = "<group>"; };
		0D372A471F8267D700F8D90D /* TimeMachineDaemon.entitlements */ = {isa = PBXFileReference; lastKnownFileType = text.plist.entitlements; path = TimeMachineDaemon.entitlements; sourceTree = "<group>"; };
		D84F797C1F7D47FB004C30D0 /* TimeMachineScheduler.app */ = {isa = PBXFileReference; explicitFileType = wrapper.application; includeInIndex = 0; path = TimeMachineScheduler.app; sourceTree = BUILT_PRODUCTS_DIR; };
		D84F797F1F7D47FB004C30D0 /* AppDelegate.h */ = {isa = PBXFileReference; lastKnownFileType = sourcecode.c.h; path = AppDelegate.h; sourceTree = "<group>"; };
		D84F79801F7D47FB004C30D0 /* AppDelegate.m */ = {isa = PBXFileReference; lastKnownFileType = sourcecode.c.objc; path = AppDelegate.m; sourceTree = "<group>"; };
		D84F79821F7D47FB004C30D0 /* ViewController.h */ = {isa = PBXFileReference; lastKnownFileType = sourcecode.c.h; path = ViewController.h; sourceTree = "<group>"; };
		D84F79831F7D47FB004C30D0 /* ViewController.m */ = {isa = PBXFileReference; lastKnownFileType = sourcecode.c.objc; path = ViewController.m; sourceTree = "<group>"; };
		D84F79851F7D47FB004C30D0 /* Assets.xcassets */ = {isa = PBXFileReference; lastKnownFileType = folder.assetcatalog; path = Assets.xcassets; sourceTree = "<group>"; };
		D84F79881F7D47FB004C30D0 /* Base */ = {isa = PBXFileReference; lastKnownFileType = file.storyboard; name = Base; path = Base.lproj/Main.storyboard; sourceTree = "<group>"; };
		D84F798A1F7D47FB004C30D0 /* Info.plist */ = {isa = PBXFileReference; lastKnownFileType = text.plist.xml; path = Info.plist; sourceTree = "<group>"; };
		D84F798B1F7D47FB004C30D0 /* main.m */ = {isa = PBXFileReference; lastKnownFileType = sourcecode.c.objc; path = main.m; sourceTree = "<group>"; };
		D84F798D1F7D47FB004C30D0 /* TimeMachineScheduler.entitlements */ = {isa = PBXFileReference; lastKnownFileType = text.plist.entitlements; path = TimeMachineScheduler.entitlements; sourceTree = "<group>"; };
		D84F79971F7D484C004C30D0 /* com.volodyko.TimeMachineSchedulerHelper */ = {isa = PBXFileReference; explicitFileType = "compiled.mach-o.executable"; includeInIndex = 0; path = com.volodyko.TimeMachineSchedulerHelper; sourceTree = BUILT_PRODUCTS_DIR; };
		D84F79991F7D484C004C30D0 /* main.m */ = {isa = PBXFileReference; lastKnownFileType = sourcecode.c.objc; path = main.m; sourceTree = "<group>"; };
		D84F79A01F7D4AB9004C30D0 /* Info.plist */ = {isa = PBXFileReference; lastKnownFileType = text.plist.xml; path = Info.plist; sourceTree = "<group>"; };
		D84F79A11F7D4BB9004C30D0 /* Launchd.plist */ = {isa = PBXFileReference; lastKnownFileType = text.plist.xml; path = Launchd.plist; sourceTree = "<group>"; };
		D84F79A31F7D4CFE004C30D0 /* Security.framework */ = {isa = PBXFileReference; lastKnownFileType = wrapper.framework; name = Security.framework; path = System/Library/Frameworks/Security.framework; sourceTree = SDKROOT; };
		D84F79A51F7D4D04004C30D0 /* ServiceManagement.framework */ = {isa = PBXFileReference; lastKnownFileType = wrapper.framework; name = ServiceManagement.framework; path = System/Library/Frameworks/ServiceManagement.framework; sourceTree = SDKROOT; };
		D84F79A71F7D4D0C004C30D0 /* Cocoa.framework */ = {isa = PBXFileReference; lastKnownFileType = wrapper.framework; name = Cocoa.framework; path = System/Library/Frameworks/Cocoa.framework; sourceTree = SDKROOT; };
/* End PBXFileReference section */

/* Begin PBXFrameworksBuildPhase section */
		0D372A341F8267D700F8D90D /* Frameworks */ = {
			isa = PBXFrameworksBuildPhase;
			buildActionMask = 2147483647;
			files = (
			);
			runOnlyForDeploymentPostprocessing = 0;
		};
		D84F79791F7D47FB004C30D0 /* Frameworks */ = {
			isa = PBXFrameworksBuildPhase;
			buildActionMask = 2147483647;
			files = (
				D84F79A81F7D4D0C004C30D0 /* Cocoa.framework in Frameworks */,
				D84F79A61F7D4D04004C30D0 /* ServiceManagement.framework in Frameworks */,
				D84F79A41F7D4CFE004C30D0 /* Security.framework in Frameworks */,
			);
			runOnlyForDeploymentPostprocessing = 0;
		};
		D84F79941F7D484C004C30D0 /* Frameworks */ = {
			isa = PBXFrameworksBuildPhase;
			buildActionMask = 2147483647;
			files = (
			);
			runOnlyForDeploymentPostprocessing = 0;
		};
/* End PBXFrameworksBuildPhase section */

/* Begin PBXGroup section */
		0D372A181F7E2B1B00F8D90D /* Shared */ = {
			isa = PBXGroup;
			children = (
				0D372A191F7E2B3B00F8D90D /* Message.c */,
				0D372A1A1F7E2B3B00F8D90D /* Message.h */,
			);
			path = Shared;
			sourceTree = "<group>";
		};
		0D372A381F8267D700F8D90D /* TimeMachineDaemon */ = {
			isa = PBXGroup;
			children = (
				0D372A391F8267D700F8D90D /* AppDelegate.h */,
				0D372A3A1F8267D700F8D90D /* AppDelegate.m */,
				0D372A3F1F8267D700F8D90D /* Assets.xcassets */,
				0D372A411F8267D700F8D90D /* Main.storyboard */,
				0D372A441F8267D700F8D90D /* Info.plist */,
				0D372A451F8267D700F8D90D /* main.m */,
				0D372A471F8267D700F8D90D /* TimeMachineDaemon.entitlements */,
			);
			path = TimeMachineDaemon;
			sourceTree = "<group>";
		};
		D84F79731F7D47FA004C30D0 = {
			isa = PBXGroup;
			children = (
				0D372A181F7E2B1B00F8D90D /* Shared */,
				D84F797E1F7D47FB004C30D0 /* TimeMachineScheduler */,
				D84F79981F7D484C004C30D0 /* TimeMachineHelper */,
				0D372A381F8267D700F8D90D /* TimeMachineDaemon */,
				D84F797D1F7D47FB004C30D0 /* Products */,
				D84F79A21F7D4CFE004C30D0 /* Frameworks */,
			);
			sourceTree = "<group>";
		};
		D84F797D1F7D47FB004C30D0 /* Products */ = {
			isa = PBXGroup;
			children = (
				D84F797C1F7D47FB004C30D0 /* TimeMachineScheduler.app */,
				D84F79971F7D484C004C30D0 /* com.volodyko.TimeMachineSchedulerHelper */,
				0D372A371F8267D700F8D90D /* TimeMachineDaemon.app */,
			);
			name = Products;
			sourceTree = "<group>";
		};
		D84F797E1F7D47FB004C30D0 /* TimeMachineScheduler */ = {
			isa = PBXGroup;
			children = (
				D84F797F1F7D47FB004C30D0 /* AppDelegate.h */,
				D84F79801F7D47FB004C30D0 /* AppDelegate.m */,
				D84F79821F7D47FB004C30D0 /* ViewController.h */,
				D84F79831F7D47FB004C30D0 /* ViewController.m */,
				D84F79851F7D47FB004C30D0 /* Assets.xcassets */,
				D84F79871F7D47FB004C30D0 /* Main.storyboard */,
				D84F798A1F7D47FB004C30D0 /* Info.plist */,
				D84F798B1F7D47FB004C30D0 /* main.m */,
				D84F798D1F7D47FB004C30D0 /* TimeMachineScheduler.entitlements */,
			);
			path = TimeMachineScheduler;
			sourceTree = "<group>";
		};
		D84F79981F7D484C004C30D0 /* TimeMachineHelper */ = {
			isa = PBXGroup;
			children = (
				D84F79991F7D484C004C30D0 /* main.m */,
				D84F79A01F7D4AB9004C30D0 /* Info.plist */,
				D84F79A11F7D4BB9004C30D0 /* Launchd.plist */,
			);
			path = TimeMachineHelper;
			sourceTree = "<group>";
		};
		D84F79A21F7D4CFE004C30D0 /* Frameworks */ = {
			isa = PBXGroup;
			children = (
				D84F79A71F7D4D0C004C30D0 /* Cocoa.framework */,
				D84F79A51F7D4D04004C30D0 /* ServiceManagement.framework */,
				D84F79A31F7D4CFE004C30D0 /* Security.framework */,
			);
			name = Frameworks;
			sourceTree = "<group>";
		};
/* End PBXGroup section */

/* Begin PBXNativeTarget section */
		0D372A361F8267D700F8D90D /* TimeMachineDaemon */ = {
			isa = PBXNativeTarget;
			buildConfigurationList = 0D372A481F8267D700F8D90D /* Build configuration list for PBXNativeTarget "TimeMachineDaemon" */;
			buildPhases = (
				0D372A331F8267D700F8D90D /* Sources */,
				0D372A341F8267D700F8D90D /* Frameworks */,
				0D372A351F8267D700F8D90D /* Resources */,
			);
			buildRules = (
			);
			dependencies = (
			);
			name = TimeMachineDaemon;
			productName = TimeMachineDaemon;
			productReference = 0D372A371F8267D700F8D90D /* TimeMachineDaemon.app */;
			productType = "com.apple.product-type.application";
		};
		D84F797B1F7D47FB004C30D0 /* TimeMachineScheduler */ = {
			isa = PBXNativeTarget;
			buildConfigurationList = D84F79901F7D47FB004C30D0 /* Build configuration list for PBXNativeTarget "TimeMachineScheduler" */;
			buildPhases = (
				D84F79781F7D47FB004C30D0 /* Sources */,
				D84F79791F7D47FB004C30D0 /* Frameworks */,
				D84F797A1F7D47FB004C30D0 /* Resources */,
				D84F79A91F7D4D19004C30D0 /* Copy Files */,
				0D372A2E1F82516E00F8D90D /* Copy Daemon */,
			);
			buildRules = (
			);
			dependencies = (
				D84F799F1F7D4866004C30D0 /* PBXTargetDependency */,
			);
			name = TimeMachineScheduler;
			productName = TimeMachineScheduler;
			productReference = D84F797C1F7D47FB004C30D0 /* TimeMachineScheduler.app */;
			productType = "com.apple.product-type.application";
		};
		D84F79961F7D484C004C30D0 /* TimeMachineHelper */ = {
			isa = PBXNativeTarget;
			buildConfigurationList = D84F799B1F7D484C004C30D0 /* Build configuration list for PBXNativeTarget "TimeMachineHelper" */;
			buildPhases = (
				D84F79931F7D484C004C30D0 /* Sources */,
				D84F79941F7D484C004C30D0 /* Frameworks */,
				D84F79951F7D484C004C30D0 /* CopyFiles */,
			);
			buildRules = (
			);
			dependencies = (
			);
			name = TimeMachineHelper;
			productName = TimeMachineHelper;
			productReference = D84F79971F7D484C004C30D0 /* com.volodyko.TimeMachineSchedulerHelper */;
			productType = "com.apple.product-type.tool";
		};
/* End PBXNativeTarget section */

/* Begin PBXProject section */
		D84F79741F7D47FA004C30D0 /* Project object */ = {
			isa = PBXProject;
			attributes = {
				LastUpgradeCheck = 0900;
				ORGANIZATIONNAME = "Vladymyr Moskalyuk";
				TargetAttributes = {
					0D372A361F8267D700F8D90D = {
						CreatedOnToolsVersion = 9.0;
						ProvisioningStyle = Automatic;
					};
					D84F797B1F7D47FB004C30D0 = {
						CreatedOnToolsVersion = 9.0;
						ProvisioningStyle = Automatic;
					};
					D84F79961F7D484C004C30D0 = {
						CreatedOnToolsVersion = 9.0;
						ProvisioningStyle = Automatic;
					};
				};
			};
			buildConfigurationList = D84F79771F7D47FA004C30D0 /* Build configuration list for PBXProject "TimeMachineScheduler" */;
			compatibilityVersion = "Xcode 8.0";
			developmentRegion = en;
			hasScannedForEncodings = 0;
			knownRegions = (
				en,
				Base,
			);
			mainGroup = D84F79731F7D47FA004C30D0;
			productRefGroup = D84F797D1F7D47FB004C30D0 /* Products */;
			projectDirPath = "";
			projectRoot = "";
			targets = (
				D84F797B1F7D47FB004C30D0 /* TimeMachineScheduler */,
				D84F79961F7D484C004C30D0 /* TimeMachineHelper */,
				0D372A361F8267D700F8D90D /* TimeMachineDaemon */,
			);
		};
/* End PBXProject section */

/* Begin PBXResourcesBuildPhase section */
		0D372A351F8267D700F8D90D /* Resources */ = {
			isa = PBXResourcesBuildPhase;
			buildActionMask = 2147483647;
			files = (
				0D372A401F8267D700F8D90D /* Assets.xcassets in Resources */,
				0D372A431F8267D700F8D90D /* Main.storyboard in Resources */,
			);
			runOnlyForDeploymentPostprocessing = 0;
		};
		D84F797A1F7D47FB004C30D0 /* Resources */ = {
			isa = PBXResourcesBuildPhase;
			buildActionMask = 2147483647;
			files = (
				D84F79861F7D47FB004C30D0 /* Assets.xcassets in Resources */,
				D84F79891F7D47FB004C30D0 /* Main.storyboard in Resources */,
			);
			runOnlyForDeploymentPostprocessing = 0;
		};
/* End PBXResourcesBuildPhase section */

/* Begin PBXSourcesBuildPhase section */
		0D372A331F8267D700F8D90D /* Sources */ = {
			isa = PBXSourcesBuildPhase;
			buildActionMask = 2147483647;
			files = (
				0D372A461F8267D700F8D90D /* main.m in Sources */,
				0D372A4C1F8279BD00F8D90D /* Message.c in Sources */,
				0D372A3B1F8267D700F8D90D /* AppDelegate.m in Sources */,
			);
			runOnlyForDeploymentPostprocessing = 0;
		};
		D84F79781F7D47FB004C30D0 /* Sources */ = {
			isa = PBXSourcesBuildPhase;
			buildActionMask = 2147483647;
			files = (
				D84F79841F7D47FB004C30D0 /* ViewController.m in Sources */,
				D84F798C1F7D47FB004C30D0 /* main.m in Sources */,
				D84F79811F7D47FB004C30D0 /* AppDelegate.m in Sources */,
				0D372A1B1F7E2B3B00F8D90D /* Message.c in Sources */,
			);
			runOnlyForDeploymentPostprocessing = 0;
		};
		D84F79931F7D484C004C30D0 /* Sources */ = {
			isa = PBXSourcesBuildPhase;
			buildActionMask = 2147483647;
			files = (
				0D372A1C1F7E303800F8D90D /* Message.c in Sources */,
				D84F799A1F7D484C004C30D0 /* main.m in Sources */,
			);
			runOnlyForDeploymentPostprocessing = 0;
		};
/* End PBXSourcesBuildPhase section */

/* Begin PBXTargetDependency section */
		D84F799F1F7D4866004C30D0 /* PBXTargetDependency */ = {
			isa = PBXTargetDependency;
			target = D84F79961F7D484C004C30D0 /* TimeMachineHelper */;
			targetProxy = D84F799E1F7D4866004C30D0 /* PBXContainerItemProxy */;
		};
/* End PBXTargetDependency section */

/* Begin PBXVariantGroup section */
		0D372A411F8267D700F8D90D /* Main.storyboard */ = {
			isa = PBXVariantGroup;
			children = (
				0D372A421F8267D700F8D90D /* Base */,
			);
			name = Main.storyboard;
			sourceTree = "<group>";
		};
		D84F79871F7D47FB004C30D0 /* Main.storyboard */ = {
			isa = PBXVariantGroup;
			children = (
				D84F79881F7D47FB004C30D0 /* Base */,
			);
			name = Main.storyboard;
			sourceTree = "<group>";
		};
/* End PBXVariantGroup section */

/* Begin XCBuildConfiguration section */
		0D372A491F8267D700F8D90D /* Debug */ = {
			isa = XCBuildConfiguration;
			buildSettings = {
				ASSETCATALOG_COMPILER_APPICON_NAME = AppIcon;
				CODE_SIGN_ENTITLEMENTS = TimeMachineDaemon/TimeMachineDaemon.entitlements;
				CODE_SIGN_IDENTITY = "Mac Developer";
				CODE_SIGN_STYLE = Automatic;
				COMBINE_HIDPI_IMAGES = YES;
				DEVELOPMENT_TEAM = 8DB99J4S4D;
				INFOPLIST_FILE = TimeMachineDaemon/Info.plist;
				LD_RUNPATH_SEARCH_PATHS = "$(inherited) @executable_path/../Frameworks";
				MACOSX_DEPLOYMENT_TARGET = 10.12;
				PRODUCT_BUNDLE_IDENTIFIER = com.volodyko.TimeMachineDaemon;
				PRODUCT_NAME = "$(TARGET_NAME)";
				SKIP_INSTALL = YES;
			};
			name = Debug;
		};
		0D372A4A1F8267D700F8D90D /* Release */ = {
			isa = XCBuildConfiguration;
			buildSettings = {
				ASSETCATALOG_COMPILER_APPICON_NAME = AppIcon;
				CODE_SIGN_ENTITLEMENTS = TimeMachineDaemon/TimeMachineDaemon.entitlements;
				CODE_SIGN_IDENTITY = "Mac Developer";
				CODE_SIGN_STYLE = Automatic;
				COMBINE_HIDPI_IMAGES = YES;
				DEVELOPMENT_TEAM = 8DB99J4S4D;
				INFOPLIST_FILE = TimeMachineDaemon/Info.plist;
				LD_RUNPATH_SEARCH_PATHS = "$(inherited) @executable_path/../Frameworks";
				MACOSX_DEPLOYMENT_TARGET = 10.12;
				PRODUCT_BUNDLE_IDENTIFIER = com.volodyko.TimeMachineDaemon;
				PRODUCT_NAME = "$(TARGET_NAME)";
				SKIP_INSTALL = YES;
			};
			name = Release;
		};
		D84F798E1F7D47FB004C30D0 /* Debug */ = {
			isa = XCBuildConfiguration;
			buildSettings = {
				ALWAYS_SEARCH_USER_PATHS = NO;
				CLANG_ANALYZER_NONNULL = YES;
				CLANG_ANALYZER_NUMBER_OBJECT_CONVERSION = YES_AGGRESSIVE;
				CLANG_CXX_LANGUAGE_STANDARD = "gnu++14";
				CLANG_CXX_LIBRARY = "libc++";
				CLANG_ENABLE_MODULES = YES;
				CLANG_ENABLE_OBJC_ARC = YES;
				CLANG_WARN_BLOCK_CAPTURE_AUTORELEASING = YES;
				CLANG_WARN_BOOL_CONVERSION = YES;
				CLANG_WARN_COMMA = YES;
				CLANG_WARN_CONSTANT_CONVERSION = YES;
				CLANG_WARN_DIRECT_OBJC_ISA_USAGE = YES_ERROR;
				CLANG_WARN_DOCUMENTATION_COMMENTS = YES;
				CLANG_WARN_EMPTY_BODY = YES;
				CLANG_WARN_ENUM_CONVERSION = YES;
				CLANG_WARN_INFINITE_RECURSION = YES;
				CLANG_WARN_INT_CONVERSION = YES;
				CLANG_WARN_NON_LITERAL_NULL_CONVERSION = YES;
				CLANG_WARN_OBJC_LITERAL_CONVERSION = YES;
				CLANG_WARN_OBJC_ROOT_CLASS = YES_ERROR;
				CLANG_WARN_RANGE_LOOP_ANALYSIS = YES;
				CLANG_WARN_STRICT_PROTOTYPES = YES;
				CLANG_WARN_SUSPICIOUS_MOVE = YES;
				CLANG_WARN_UNGUARDED_AVAILABILITY = YES_AGGRESSIVE;
				CLANG_WARN_UNREACHABLE_CODE = YES;
				CLANG_WARN__DUPLICATE_METHOD_MATCH = YES;
				CODE_SIGN_IDENTITY = "-";
				COPY_PHASE_STRIP = NO;
				DEBUG_INFORMATION_FORMAT = dwarf;
				ENABLE_STRICT_OBJC_MSGSEND = YES;
				ENABLE_TESTABILITY = YES;
				GCC_C_LANGUAGE_STANDARD = gnu11;
				GCC_DYNAMIC_NO_PIC = NO;
				GCC_NO_COMMON_BLOCKS = YES;
				GCC_OPTIMIZATION_LEVEL = 0;
				GCC_PREPROCESSOR_DEFINITIONS = (
					"DEBUG=1",
					"$(inherited)",
				);
				GCC_WARN_64_TO_32_BIT_CONVERSION = YES;
				GCC_WARN_ABOUT_RETURN_TYPE = YES_ERROR;
				GCC_WARN_UNDECLARED_SELECTOR = YES;
				GCC_WARN_UNINITIALIZED_AUTOS = YES_AGGRESSIVE;
				GCC_WARN_UNUSED_FUNCTION = YES;
				GCC_WARN_UNUSED_VARIABLE = YES;
				MACOSX_DEPLOYMENT_TARGET = 10.10;
				MTL_ENABLE_DEBUG_INFO = YES;
				ONLY_ACTIVE_ARCH = YES;
				SDKROOT = macosx;
			};
			name = Debug;
		};
		D84F798F1F7D47FB004C30D0 /* Release */ = {
			isa = XCBuildConfiguration;
			buildSettings = {
				ALWAYS_SEARCH_USER_PATHS = NO;
				CLANG_ANALYZER_NONNULL = YES;
				CLANG_ANALYZER_NUMBER_OBJECT_CONVERSION = YES_AGGRESSIVE;
				CLANG_CXX_LANGUAGE_STANDARD = "gnu++14";
				CLANG_CXX_LIBRARY = "libc++";
				CLANG_ENABLE_MODULES = YES;
				CLANG_ENABLE_OBJC_ARC = YES;
				CLANG_WARN_BLOCK_CAPTURE_AUTORELEASING = YES;
				CLANG_WARN_BOOL_CONVERSION = YES;
				CLANG_WARN_COMMA = YES;
				CLANG_WARN_CONSTANT_CONVERSION = YES;
				CLANG_WARN_DIRECT_OBJC_ISA_USAGE = YES_ERROR;
				CLANG_WARN_DOCUMENTATION_COMMENTS = YES;
				CLANG_WARN_EMPTY_BODY = YES;
				CLANG_WARN_ENUM_CONVERSION = YES;
				CLANG_WARN_INFINITE_RECURSION = YES;
				CLANG_WARN_INT_CONVERSION = YES;
				CLANG_WARN_NON_LITERAL_NULL_CONVERSION = YES;
				CLANG_WARN_OBJC_LITERAL_CONVERSION = YES;
				CLANG_WARN_OBJC_ROOT_CLASS = YES_ERROR;
				CLANG_WARN_RANGE_LOOP_ANALYSIS = YES;
				CLANG_WARN_STRICT_PROTOTYPES = YES;
				CLANG_WARN_SUSPICIOUS_MOVE = YES;
				CLANG_WARN_UNGUARDED_AVAILABILITY = YES_AGGRESSIVE;
				CLANG_WARN_UNREACHABLE_CODE = YES;
				CLANG_WARN__DUPLICATE_METHOD_MATCH = YES;
				CODE_SIGN_IDENTITY = "-";
				COPY_PHASE_STRIP = NO;
				DEBUG_INFORMATION_FORMAT = "dwarf-with-dsym";
				ENABLE_NS_ASSERTIONS = NO;
				ENABLE_STRICT_OBJC_MSGSEND = YES;
				GCC_C_LANGUAGE_STANDARD = gnu11;
				GCC_NO_COMMON_BLOCKS = YES;
				GCC_WARN_64_TO_32_BIT_CONVERSION = YES;
				GCC_WARN_ABOUT_RETURN_TYPE = YES_ERROR;
				GCC_WARN_UNDECLARED_SELECTOR = YES;
				GCC_WARN_UNINITIALIZED_AUTOS = YES_AGGRESSIVE;
				GCC_WARN_UNUSED_FUNCTION = YES;
				GCC_WARN_UNUSED_VARIABLE = YES;
				MACOSX_DEPLOYMENT_TARGET = 10.10;
				MTL_ENABLE_DEBUG_INFO = NO;
				SDKROOT = macosx;
			};
			name = Release;
		};
		D84F79911F7D47FB004C30D0 /* Debug */ = {
			isa = XCBuildConfiguration;
			buildSettings = {
				ASSETCATALOG_COMPILER_APPICON_NAME = AppIcon;
				CODE_SIGN_ENTITLEMENTS = TimeMachineScheduler/TimeMachineScheduler.entitlements;
				CODE_SIGN_IDENTITY = "Mac Developer";
				CODE_SIGN_STYLE = Automatic;
				COMBINE_HIDPI_IMAGES = YES;
				DEVELOPMENT_TEAM = 8DB99J4S4D;
				INFOPLIST_FILE = TimeMachineScheduler/Info.plist;
				LD_RUNPATH_SEARCH_PATHS = "$(inherited) @executable_path/../Frameworks";
				PRODUCT_BUNDLE_IDENTIFIER = volodyko.TimeMachineScheduler;
				PRODUCT_NAME = "$(TARGET_NAME)";
				PROVISIONING_PROFILE_SPECIFIER = "";
			};
			name = Debug;
		};
		D84F79921F7D47FB004C30D0 /* Release */ = {
			isa = XCBuildConfiguration;
			buildSettings = {
				ASSETCATALOG_COMPILER_APPICON_NAME = AppIcon;
				CODE_SIGN_ENTITLEMENTS = TimeMachineScheduler/TimeMachineScheduler.entitlements;
				CODE_SIGN_IDENTITY = "Mac Developer";
				CODE_SIGN_STYLE = Automatic;
				COMBINE_HIDPI_IMAGES = YES;
				DEVELOPMENT_TEAM = 8DB99J4S4D;
				INFOPLIST_FILE = TimeMachineScheduler/Info.plist;
				LD_RUNPATH_SEARCH_PATHS = "$(inherited) @executable_path/../Frameworks";
				PRODUCT_BUNDLE_IDENTIFIER = volodyko.TimeMachineScheduler;
				PRODUCT_NAME = "$(TARGET_NAME)";
				PROVISIONING_PROFILE_SPECIFIER = "";
			};
			name = Release;
		};
		D84F799C1F7D484C004C30D0 /* Debug */ = {
			isa = XCBuildConfiguration;
			buildSettings = {
				CODE_SIGN_IDENTITY = "Mac Developer";
				CODE_SIGN_STYLE = Automatic;
				DEVELOPMENT_TEAM = 8DB99J4S4D;
				INFOPLIST_FILE = "$(SRCROOT)/TimeMachineHelper/Info.plist";
				OTHER_LDFLAGS = (
					"-sectcreate",
					__TEXT,
					__info_plist,
					TimeMachineHelper/Info.plist,
					"-sectcreate",
					__TEXT,
					__launchd_plist,
					TimeMachineHelper/Launchd.plist,
				);
				PRODUCT_BUNDLE_IDENTIFIER = com.volodyko.TimeMachineSchedulerHelper;
				PRODUCT_NAME = com.volodyko.TimeMachineSchedulerHelper;
				PROVISIONING_PROFILE_SPECIFIER = "";
				SKIP_INSTALL = YES;
			};
			name = Debug;
		};
		D84F799D1F7D484C004C30D0 /* Release */ = {
			isa = XCBuildConfiguration;
			buildSettings = {
				CODE_SIGN_IDENTITY = "Mac Developer";
				CODE_SIGN_STYLE = Automatic;
				DEVELOPMENT_TEAM = 8DB99J4S4D;
				INFOPLIST_FILE = "$(SRCROOT)/TimeMachineHelper/Info.plist";
				OTHER_LDFLAGS = (
					"-sectcreate",
					__TEXT,
					__info_plist,
					TimeMachineHelper/Info.plist,
					"-sectcreate",
					__TEXT,
					__launchd_plist,
					TimeMachineHelper/Launchd.plist,
				);
				PRODUCT_BUNDLE_IDENTIFIER = com.volodyko.TimeMachineSchedulerHelper;
				PRODUCT_NAME = com.volodyko.TimeMachineSchedulerHelper;
				PROVISIONING_PROFILE_SPECIFIER = "";
				SKIP_INSTALL = YES;
			};
			name = Release;
		};
/* End XCBuildConfiguration section */

/* Begin XCConfigurationList section */
		0D372A481F8267D700F8D90D /* Build configuration list for PBXNativeTarget "TimeMachineDaemon" */ = {
			isa = XCConfigurationList;
			buildConfigurations = (
				0D372A491F8267D700F8D90D /* Debug */,
				0D372A4A1F8267D700F8D90D /* Release */,
			);
			defaultConfigurationIsVisible = 0;
			defaultConfigurationName = Release;
		};
		D84F79771F7D47FA004C30D0 /* Build configuration list for PBXProject "TimeMachineScheduler" */ = {
			isa = XCConfigurationList;
			buildConfigurations = (
				D84F798E1F7D47FB004C30D0 /* Debug */,
				D84F798F1F7D47FB004C30D0 /* Release */,
			);
			defaultConfigurationIsVisible = 0;
			defaultConfigurationName = Release;
		};
		D84F79901F7D47FB004C30D0 /* Build configuration list for PBXNativeTarget "TimeMachineScheduler" */ = {
			isa = XCConfigurationList;
			buildConfigurations = (
				D84F79911F7D47FB004C30D0 /* Debug */,
				D84F79921F7D47FB004C30D0 /* Release */,
			);
			defaultConfigurationIsVisible = 0;
			defaultConfigurationName = Release;
		};
		D84F799B1F7D484C004C30D0 /* Build configuration list for PBXNativeTarget "TimeMachineHelper" */ = {
			isa = XCConfigurationList;
			buildConfigurations = (
				D84F799C1F7D484C004C30D0 /* Debug */,
				D84F799D1F7D484C004C30D0 /* Release */,
			);
			defaultConfigurationIsVisible = 0;
			defaultConfigurationName = Release;
		};
/* End XCConfigurationList section */
	};
	rootObject = D84F79741F7D47FA004C30D0 /* Project object */;
}
